
Microsoft Visual Studio Solution File, Format Version 12.00
# Visual Studio 15
VisualStudioVersion = 15.0.27428.2037
MinimumVisualStudioVersion = 10.0.40219.1
Project("{FAE04EC0-301F-11D3-BF4B-00C04F79EFBC}") = "Medicine.WEB", "Medicine.WEB\Medicine.WEB.csproj", "{08FBD8AA-5F57-42BE-A5CD-0D50D39B601B}"
EndProject
Project("{FAE04EC0-301F-11D3-BF4B-00C04F79EFBC}") = "Medicine.DAL", "Medicine.DAL\Medicine.DAL.csproj", "{6B411A2A-93BE-4780-895F-970835070DAD}"
EndProject
Project("{FAE04EC0-301F-11D3-BF4B-00C04F79EFBC}") = "Medicine.BLL", "Medicine.BLL\Medicine.BLL.csproj", "{8B97ED88-D1E0-474C-9707-0E4DC4284B5A}"
EndProject
Project("{FAE04EC0-301F-11D3-BF4B-00C04F79EFBC}") = "Medicine.BLLTests", "Medicine.BLLTests\Medicine.BLLTests.csproj", "{B747C3EF-D8F4-42E6-AF99-F33DC8065567}"
EndProject
Global
	GlobalSection(SolutionConfigurationPlatforms) = preSolution
		Debug|Any CPU = Debug|Any CPU
		Release|Any CPU = Release|Any CPU
	EndGlobalSection
	GlobalSection(ProjectConfigurationPlatforms) = postSolution
		{08FBD8AA-5F57-42BE-A5CD-0D50D39B601B}.Debug|Any CPU.ActiveCfg = Debug|Any CPU
		{08FBD8AA-5F57-42BE-A5CD-0D50D39B601B}.Debug|Any CPU.Build.0 = Debug|Any CPU
		{08FBD8AA-5F57-42BE-A5CD-0D50D39B601B}.Release|Any CPU.ActiveCfg = Release|Any CPU
		{08FBD8AA-5F57-42BE-A5CD-0D50D39B601B}.Release|Any CPU.Build.0 = Release|Any CPU
		{6B411A2A-93BE-4780-895F-970835070DAD}.Debug|Any CPU.ActiveCfg = Debug|Any CPU
		{6B411A2A-93BE-4780-895F-970835070DAD}.Debug|Any CPU.Build.0 = Debug|Any CPU
		{6B411A2A-93BE-4780-895F-970835070DAD}.Release|Any CPU.ActiveCfg = Release|Any CPU
		{6B411A2A-93BE-4780-895F-970835070DAD}.Release|Any CPU.Build.0 = Release|Any CPU
		{8B97ED88-D1E0-474C-9707-0E4DC4284B5A}.Debug|Any CPU.ActiveCfg = Debug|Any CPU
		{8B97ED88-D1E0-474C-9707-0E4DC4284B5A}.Debug|Any CPU.Build.0 = Debug|Any CPU
		{8B97ED88-D1E0-474C-9707-0E4DC4284B5A}.Release|Any CPU.ActiveCfg = Release|Any CPU
		{8B97ED88-D1E0-474C-9707-0E4DC4284B5A}.Release|Any CPU.Build.0 = Release|Any CPU
		{B747C3EF-D8F4-42E6-AF99-F33DC8065567}.Debug|Any CPU.ActiveCfg = Debug|Any CPU
		{B747C3EF-D8F4-42E6-AF99-F33DC8065567}.Debug|Any CPU.Build.0 = Debug|Any CPU
		{B747C3EF-D8F4-42E6-AF99-F33DC8065567}.Release|Any CPU.ActiveCfg = Release|Any CPU
		{B747C3EF-D8F4-42E6-AF99-F33DC8065567}.Release|Any CPU.Build.0 = Release|Any CPU
	EndGlobalSection
	GlobalSection(SolutionProperties) = preSolution
		HideSolutionNode = FALSE
	EndGlobalSection
	GlobalSection(ExtensibilityGlobals) = postSolution
		SolutionGuid = {B78A2E27-7DE1-4AED-B601-1F4702F038E3}
	EndGlobalSection
EndGlobal
